// !$*UTF8*$!
{
	archiveVersion = 1;
	classes = {
	};
	objectVersion = 56;
	objects = {

/* Begin PBXBuildFile section */
		7B5B0D7429DB68320092F71F /* Constant.swift in Sources */ = {isa = PBXBuildFile; fileRef = 7B5B0D7329DB68320092F71F /* Constant.swift */; };
		7BCA64C329DACE8A00E97AC1 /* AppDelegate.swift in Sources */ = {isa = PBXBuildFile; fileRef = 7BCA64C229DACE8A00E97AC1 /* AppDelegate.swift */; };
		7BCA64C529DACE8A00E97AC1 /* SceneDelegate.swift in Sources */ = {isa = PBXBuildFile; fileRef = 7BCA64C429DACE8A00E97AC1 /* SceneDelegate.swift */; };
		7BCA64C729DACE8A00E97AC1 /* ViewController.swift in Sources */ = {isa = PBXBuildFile; fileRef = 7BCA64C629DACE8A00E97AC1 /* ViewController.swift */; };
		7BCA64CA29DACE8A00E97AC1 /* Main.storyboard in Resources */ = {isa = PBXBuildFile; fileRef = 7BCA64C829DACE8A00E97AC1 /* Main.storyboard */; };
		7BCA64CC29DACE8B00E97AC1 /* Assets.xcassets in Resources */ = {isa = PBXBuildFile; fileRef = 7BCA64CB29DACE8B00E97AC1 /* Assets.xcassets */; };
		7BCA64CF29DACE8B00E97AC1 /* LaunchScreen.storyboard in Resources */ = {isa = PBXBuildFile; fileRef = 7BCA64CD29DACE8B00E97AC1 /* LaunchScreen.storyboard */; };
		7BCA64D829DACF4C00E97AC1 /* AIAEC in Frameworks */ = {isa = PBXBuildFile; productRef = 7BCA64D729DACF4C00E97AC1 /* AIAEC */; };
		7BCA64DA29DACF4C00E97AC1 /* AINS in Frameworks */ = {isa = PBXBuildFile; productRef = 7BCA64D929DACF4C00E97AC1 /* AINS */; };
		7BCA64DC29DACF4C00E97AC1 /* AudioBeauty in Frameworks */ = {isa = PBXBuildFile; productRef = 7BCA64DB29DACF4C00E97AC1 /* AudioBeauty */; };
		7BCA64DE29DACF4C00E97AC1 /* DRM in Frameworks */ = {isa = PBXBuildFile; productRef = 7BCA64DD29DACF4C00E97AC1 /* DRM */; };
		7BCA64E029DACF4C00E97AC1 /* RtcBasic in Frameworks */ = {isa = PBXBuildFile; productRef = 7BCA64DF29DACF4C00E97AC1 /* RtcBasic */; };
		7BCA64E229DACF4C00E97AC1 /* SpatialAudio in Frameworks */ = {isa = PBXBuildFile; productRef = 7BCA64E129DACF4C00E97AC1 /* SpatialAudio */; };
/* End PBXBuildFile section */

/* Begin PBXFileReference section */
		7B5B0D7329DB68320092F71F /* Constant.swift */ = {isa = PBXFileReference; lastKnownFileType = sourcecode.swift; path = Constant.swift; sourceTree = "<group>"; };
		7BCA64BF29DACE8A00E97AC1 /* AgoraTask.app */ = {isa = PBXFileReference; explicitFileType = wrapper.application; includeInIndex = 0; path = AgoraTask.app; sourceTree = BUILT_PRODUCTS_DIR; };
		7BCA64C229DACE8A00E97AC1 /* AppDelegate.swift */ = {isa = PBXFileReference; lastKnownFileType = sourcecode.swift; path = AppDelegate.swift; sourceTree = "<group>"; };
		7BCA64C429DACE8A00E97AC1 /* SceneDelegate.swift */ = {isa = PBXFileReference; lastKnownFileType = sourcecode.swift; path = SceneDelegate.swift; sourceTree = "<group>"; };
		7BCA64C629DACE8A00E97AC1 /* ViewController.swift */ = {isa = PBXFileReference; lastKnownFileType = sourcecode.swift; path = ViewController.swift; sourceTree = "<group>"; };
		7BCA64C929DACE8A00E97AC1 /* Base */ = {isa = PBXFileReference; lastKnownFileType = file.storyboard; name = Base; path = Base.lproj/Main.storyboard; sourceTree = "<group>"; };
		7BCA64CB29DACE8B00E97AC1 /* Assets.xcassets */ = {isa = PBXFileReference; lastKnownFileType = folder.assetcatalog; path = Assets.xcassets; sourceTree = "<group>"; };
		7BCA64CE29DACE8B00E97AC1 /* Base */ = {isa = PBXFileReference; lastKnownFileType = file.storyboard; name = Base; path = Base.lproj/LaunchScreen.storyboard; sourceTree = "<group>"; };
		7BCA64D029DACE8B00E97AC1 /* Info.plist */ = {isa = PBXFileReference; lastKnownFileType = text.plist.xml; path = Info.plist; sourceTree = "<group>"; };
/* End PBXFileReference section */

/* Begin PBXFrameworksBuildPhase section */
		7BCA64BC29DACE8A00E97AC1 /* Frameworks */ = {
			isa = PBXFrameworksBuildPhase;
			buildActionMask = 2147483647;
			files = (
				7BCA64E229DACF4C00E97AC1 /* SpatialAudio in Frameworks */,
				7BCA64DC29DACF4C00E97AC1 /* AudioBeauty in Frameworks */,
				7BCA64D829DACF4C00E97AC1 /* AIAEC in Frameworks */,
				7BCA64DE29DACF4C00E97AC1 /* DRM in Frameworks */,
				7BCA64DA29DACF4C00E97AC1 /* AINS in Frameworks */,
				7BCA64E029DACF4C00E97AC1 /* RtcBasic in Frameworks */,
			);
			runOnlyForDeploymentPostprocessing = 0;
		};
/* End PBXFrameworksBuildPhase section */

/* Begin PBXGroup section */
		7BCA64B629DACE8A00E97AC1 = {
			isa = PBXGroup;
			children = (
				7BCA64C129DACE8A00E97AC1 /* AgoraTask */,
				7BCA64C029DACE8A00E97AC1 /* Products */,
			);
			sourceTree = "<group>";
		};
		7BCA64C029DACE8A00E97AC1 /* Products */ = {
			isa = PBXGroup;
			children = (
				7BCA64BF29DACE8A00E97AC1 /* AgoraTask.app */,
			);
			name = Products;
			sourceTree = "<group>";
		};
		7BCA64C129DACE8A00E97AC1 /* AgoraTask */ = {
			isa = PBXGroup;
			children = (
				7BCA64E329DAE34700E97AC1 /* Constant */,
				7BCA64C229DACE8A00E97AC1 /* AppDelegate.swift */,
				7BCA64C429DACE8A00E97AC1 /* SceneDelegate.swift */,
				7BCA64C629DACE8A00E97AC1 /* ViewController.swift */,
				7BCA64C829DACE8A00E97AC1 /* Main.storyboard */,
				7BCA64CB29DACE8B00E97AC1 /* Assets.xcassets */,
				7BCA64CD29DACE8B00E97AC1 /* LaunchScreen.storyboard */,
				7BCA64D029DACE8B00E97AC1 /* Info.plist */,
			);
			path = AgoraTask;
			sourceTree = "<group>";
		};
		7BCA64E329DAE34700E97AC1 /* Constant */ = {
			isa = PBXGroup;
			children = (
				7B5B0D7329DB68320092F71F /* Constant.swift */,
			);
			path = Constant;
			sourceTree = "<group>";
		};
/* End PBXGroup section */

/* Begin PBXNativeTarget section */
		7BCA64BE29DACE8A00E97AC1 /* AgoraTask */ = {
			isa = PBXNativeTarget;
			buildConfigurationList = 7BCA64D329DACE8B00E97AC1 /* Build configuration list for PBXNativeTarget "AgoraTask" */;
			buildPhases = (
				7BCA64BB29DACE8A00E97AC1 /* Sources */,
				7BCA64BC29DACE8A00E97AC1 /* Frameworks */,
				7BCA64BD29DACE8A00E97AC1 /* Resources */,
			);
			buildRules = (
			);
			dependencies = (
			);
			name = AgoraTask;
			packageProductDependencies = (
				7BCA64D729DACF4C00E97AC1 /* AIAEC */,
				7BCA64D929DACF4C00E97AC1 /* AINS */,
				7BCA64DB29DACF4C00E97AC1 /* AudioBeauty */,
				7BCA64DD29DACF4C00E97AC1 /* DRM */,
				7BCA64DF29DACF4C00E97AC1 /* RtcBasic */,
				7BCA64E129DACF4C00E97AC1 /* SpatialAudio */,
			);
			productName = AgoraTask;
			productReference = 7BCA64BF29DACE8A00E97AC1 /* AgoraTask.app */;
			productType = "com.apple.product-type.application";
		};
/* End PBXNativeTarget section */

/* Begin PBXProject section */
		7BCA64B729DACE8A00E97AC1 /* Project object */ = {
			isa = PBXProject;
			attributes = {
				BuildIndependentTargetsInParallel = 1;
				LastSwiftUpdateCheck = 1400;
				LastUpgradeCheck = 1400;
				TargetAttributes = {
					7BCA64BE29DACE8A00E97AC1 = {
						CreatedOnToolsVersion = 14.0;
					};
				};
			};
			buildConfigurationList = 7BCA64BA29DACE8A00E97AC1 /* Build configuration list for PBXProject "AgoraTask" */;
			compatibilityVersion = "Xcode 14.0";
			developmentRegion = en;
			hasScannedForEncodings = 0;
			knownRegions = (
				en,
				Base,
			);
			mainGroup = 7BCA64B629DACE8A00E97AC1;
			packageReferences = (
				7BCA64D629DACF4C00E97AC1 /* XCRemoteSwiftPackageReference "AgoraAudio_iOS" */,
			);
			productRefGroup = 7BCA64C029DACE8A00E97AC1 /* Products */;
			projectDirPath = "";
			projectRoot = "";
			targets = (
				7BCA64BE29DACE8A00E97AC1 /* AgoraTask */,
			);
		};
/* End PBXProject section */

/* Begin PBXResourcesBuildPhase section */
		7BCA64BD29DACE8A00E97AC1 /* Resources */ = {
			isa = PBXResourcesBuildPhase;
			buildActionMask = 2147483647;
			files = (
				7BCA64CF29DACE8B00E97AC1 /* LaunchScreen.storyboard in Resources */,
				7BCA64CC29DACE8B00E97AC1 /* Assets.xcassets in Resources */,
				7BCA64CA29DACE8A00E97AC1 /* Main.storyboard in Resources */,
			);
			runOnlyForDeploymentPostprocessing = 0;
		};
/* End PBXResourcesBuildPhase section */

/* Begin PBXSourcesBuildPhase section */
		7BCA64BB29DACE8A00E97AC1 /* Sources */ = {
			isa = PBXSourcesBuildPhase;
			buildActionMask = 2147483647;
			files = (
				7BCA64C729DACE8A00E97AC1 /* ViewController.swift in Sources */,
				7BCA64C329DACE8A00E97AC1 /* AppDelegate.swift in Sources */,
				7BCA64C529DACE8A00E97AC1 /* SceneDelegate.swift in Sources */,
				7B5B0D7429DB68320092F71F /* Constant.swift in Sources */,
			);
			runOnlyForDeploymentPostprocessing = 0;
		};
/* End PBXSourcesBuildPhase section */

/* Begin PBXVariantGroup section */
		7BCA64C829DACE8A00E97AC1 /* Main.storyboard */ = {
			isa = PBXVariantGroup;
			children = (
				7BCA64C929DACE8A00E97AC1 /* Base */,
			);
			name = Main.storyboard;
			sourceTree = "<group>";
		};
		7BCA64CD29DACE8B00E97AC1 /* LaunchScreen.storyboard */ = {
			isa = PBXVariantGroup;
			children = (
				7BCA64CE29DACE8B00E97AC1 /* Base */,
			);
			name = LaunchScreen.storyboard;
			sourceTree = "<group>";
		};
/* End PBXVariantGroup section */

/* Begin XCBuildConfiguration section */
		7BCA64D129DACE8B00E97AC1 /* Debug */ = {
			isa = XCBuildConfiguration;
			buildSettings = {
				ALWAYS_SEARCH_USER_PATHS = NO;
				CLANG_ANALYZER_NONNULL = YES;
				CLANG_ANALYZER_NUMBER_OBJECT_CONVERSION = YES_AGGRESSIVE;
				CLANG_CXX_LANGUAGE_STANDARD = "gnu++20";
				CLANG_ENABLE_MODULES = YES;
				CLANG_ENABLE_OBJC_ARC = YES;
				CLANG_ENABLE_OBJC_WEAK = YES;
				CLANG_WARN_BLOCK_CAPTURE_AUTORELEASING = YES;
				CLANG_WARN_BOOL_CONVERSION = YES;
				CLANG_WARN_COMMA = YES;
				CLANG_WARN_CONSTANT_CONVERSION = YES;
				CLANG_WARN_DEPRECATED_OBJC_IMPLEMENTATIONS = YES;
				CLANG_WARN_DIRECT_OBJC_ISA_USAGE = YES_ERROR;
				CLANG_WARN_DOCUMENTATION_COMMENTS = YES;
				CLANG_WARN_EMPTY_BODY = YES;
				CLANG_WARN_ENUM_CONVERSION = YES;
				CLANG_WARN_INFINITE_RECURSION = YES;
				CLANG_WARN_INT_CONVERSION = YES;
				CLANG_WARN_NON_LITERAL_NULL_CONVERSION = YES;
				CLANG_WARN_OBJC_IMPLICIT_RETAIN_SELF = YES;
				CLANG_WARN_OBJC_LITERAL_CONVERSION = YES;
				CLANG_WARN_OBJC_ROOT_CLASS = YES_ERROR;
				CLANG_WARN_QUOTED_INCLUDE_IN_FRAMEWORK_HEADER = YES;
				CLANG_WARN_RANGE_LOOP_ANALYSIS = YES;
				CLANG_WARN_STRICT_PROTOTYPES = YES;
				CLANG_WARN_SUSPICIOUS_MOVE = YES;
				CLANG_WARN_UNGUARDED_AVAILABILITY = YES_AGGRESSIVE;
				CLANG_WARN_UNREACHABLE_CODE = YES;
				CLANG_WARN__DUPLICATE_METHOD_MATCH = YES;
				COPY_PHASE_STRIP = NO;
				DEBUG_INFORMATION_FORMAT = dwarf;
				ENABLE_STRICT_OBJC_MSGSEND = YES;
				ENABLE_TESTABILITY = YES;
				GCC_C_LANGUAGE_STANDARD = gnu11;
				GCC_DYNAMIC_NO_PIC = NO;
				GCC_NO_COMMON_BLOCKS = YES;
				GCC_OPTIMIZATION_LEVEL = 0;
				GCC_PREPROCESSOR_DEFINITIONS = (
					"DEBUG=1",
					"$(inherited)",
				);
				GCC_WARN_64_TO_32_BIT_CONVERSION = YES;
				GCC_WARN_ABOUT_RETURN_TYPE = YES_ERROR;
				GCC_WARN_UNDECLARED_SELECTOR = YES;
				GCC_WARN_UNINITIALIZED_AUTOS = YES_AGGRESSIVE;
				GCC_WARN_UNUSED_FUNCTION = YES;
				GCC_WARN_UNUSED_VARIABLE = YES;
				IPHONEOS_DEPLOYMENT_TARGET = 16.0;
				MTL_ENABLE_DEBUG_INFO = INCLUDE_SOURCE;
				MTL_FAST_MATH = YES;
				ONLY_ACTIVE_ARCH = YES;
				SDKROOT = iphoneos;
				SWIFT_ACTIVE_COMPILATION_CONDITIONS = DEBUG;
				SWIFT_OPTIMIZATION_LEVEL = "-Onone";
			};
			name = Debug;
		};
		7BCA64D229DACE8B00E97AC1 /* Release */ = {
			isa = XCBuildConfiguration;
			buildSettings = {
				ALWAYS_SEARCH_USER_PATHS = NO;
				CLANG_ANALYZER_NONNULL = YES;
				CLANG_ANALYZER_NUMBER_OBJECT_CONVERSION = YES_AGGRESSIVE;
				CLANG_CXX_LANGUAGE_STANDARD = "gnu++20";
				CLANG_ENABLE_MODULES = YES;
				CLANG_ENABLE_OBJC_ARC = YES;
				CLANG_ENABLE_OBJC_WEAK = YES;
				CLANG_WARN_BLOCK_CAPTURE_AUTORELEASING = YES;
				CLANG_WARN_BOOL_CONVERSION = YES;
				CLANG_WARN_COMMA = YES;
				CLANG_WARN_CONSTANT_CONVERSION = YES;
				CLANG_WARN_DEPRECATED_OBJC_IMPLEMENTATIONS = YES;
				CLANG_WARN_DIRECT_OBJC_ISA_USAGE = YES_ERROR;
				CLANG_WARN_DOCUMENTATION_COMMENTS = YES;
				CLANG_WARN_EMPTY_BODY = YES;
				CLANG_WARN_ENUM_CONVERSION = YES;
				CLANG_WARN_INFINITE_RECURSION = YES;
				CLANG_WARN_INT_CONVERSION = YES;
				CLANG_WARN_NON_LITERAL_NULL_CONVERSION = YES;
				CLANG_WARN_OBJC_IMPLICIT_RETAIN_SELF = YES;
				CLANG_WARN_OBJC_LITERAL_CONVERSION = YES;
				CLANG_WARN_OBJC_ROOT_CLASS = YES_ERROR;
				CLANG_WARN_QUOTED_INCLUDE_IN_FRAMEWORK_HEADER = YES;
				CLANG_WARN_RANGE_LOOP_ANALYSIS = YES;
				CLANG_WARN_STRICT_PROTOTYPES = YES;
				CLANG_WARN_SUSPICIOUS_MOVE = YES;
				CLANG_WARN_UNGUARDED_AVAILABILITY = YES_AGGRESSIVE;
				CLANG_WARN_UNREACHABLE_CODE = YES;
				CLANG_WARN__DUPLICATE_METHOD_MATCH = YES;
				COPY_PHASE_STRIP = NO;
				DEBUG_INFORMATION_FORMAT = "dwarf-with-dsym";
				ENABLE_NS_ASSERTIONS = NO;
				ENABLE_STRICT_OBJC_MSGSEND = YES;
				GCC_C_LANGUAGE_STANDARD = gnu11;
				GCC_NO_COMMON_BLOCKS = YES;
				GCC_WARN_64_TO_32_BIT_CONVERSION = YES;
				GCC_WARN_ABOUT_RETURN_TYPE = YES_ERROR;
				GCC_WARN_UNDECLARED_SELECTOR = YES;
				GCC_WARN_UNINITIALIZED_AUTOS = YES_AGGRESSIVE;
				GCC_WARN_UNUSED_FUNCTION = YES;
				GCC_WARN_UNUSED_VARIABLE = YES;
				IPHONEOS_DEPLOYMENT_TARGET = 16.0;
				MTL_ENABLE_DEBUG_INFO = NO;
				MTL_FAST_MATH = YES;
				SDKROOT = iphoneos;
				SWIFT_COMPILATION_MODE = wholemodule;
				SWIFT_OPTIMIZATION_LEVEL = "-O";
				VALIDATE_PRODUCT = YES;
			};
			name = Release;
		};
		7BCA64D429DACE8B00E97AC1 /* Debug */ = {
			isa = XCBuildConfiguration;
			buildSettings = {
				ASSETCATALOG_COMPILER_APPICON_NAME = AppIcon;
				ASSETCATALOG_COMPILER_GLOBAL_ACCENT_COLOR_NAME = AccentColor;
				CODE_SIGN_STYLE = Automatic;
				CURRENT_PROJECT_VERSION = 1;
				DEVELOPMENT_TEAM = KTK732WRHB;
				GENERATE_INFOPLIST_FILE = YES;
				INFOPLIST_FILE = AgoraTask/Info.plist;
				INFOPLIST_KEY_NSMicrophoneUsageDescription = "Agora Task needs to use your microphone for run the app properly.";
				INFOPLIST_KEY_NSSpeechRecognitionUsageDescription = "Agora Task uses speech recognition";
				INFOPLIST_KEY_UIApplicationSupportsIndirectInputEvents = YES;
				INFOPLIST_KEY_UILaunchStoryboardName = LaunchScreen;
				INFOPLIST_KEY_UIMainStoryboardFile = Main;
				INFOPLIST_KEY_UISupportedInterfaceOrientations_iPad = "UIInterfaceOrientationPortrait UIInterfaceOrientationPortraitUpsideDown UIInterfaceOrientationLandscapeLeft UIInterfaceOrientationLandscapeRight";
				INFOPLIST_KEY_UISupportedInterfaceOrientations_iPhone = "UIInterfaceOrientationPortrait UIInterfaceOrientationLandscapeLeft UIInterfaceOrientationLandscapeRight";
				LD_RUNPATH_SEARCH_PATHS = (
					"$(inherited)",
					"@executable_path/Frameworks",
				);
				MARKETING_VERSION = 1.0;
				PRODUCT_BUNDLE_IDENTIFIER = com.allymationes.AgoraTask;
				PRODUCT_NAME = "$(TARGET_NAME)";
				SWIFT_EMIT_LOC_STRINGS = YES;
				SWIFT_VERSION = 5.0;
				TARGETED_DEVICE_FAMILY = "1,2";
			};
			name = Debug;
		};
		7BCA64D529DACE8B00E97AC1 /* Release */ = {
			isa = XCBuildConfiguration;
			buildSettings = {
				ASSETCATALOG_COMPILER_APPICON_NAME = AppIcon;
				ASSETCATALOG_COMPILER_GLOBAL_ACCENT_COLOR_NAME = AccentColor;
				CODE_SIGN_STYLE = Automatic;
				CURRENT_PROJECT_VERSION = 1;
				DEVELOPMENT_TEAM = KTK732WRHB;
				GENERATE_INFOPLIST_FILE = YES;
				INFOPLIST_FILE = AgoraTask/Info.plist;
				INFOPLIST_KEY_NSMicrophoneUsageDescription = "Agora Task needs to use your microphone for run the app properly.";
				INFOPLIST_KEY_NSSpeechRecognitionUsageDescription = "Agora Task uses speech recognition";
				INFOPLIST_KEY_UIApplicationSupportsIndirectInputEvents = YES;
				INFOPLIST_KEY_UILaunchStoryboardName = LaunchScreen;
				INFOPLIST_KEY_UIMainStoryboardFile = Main;
				INFOPLIST_KEY_UISupportedInterfaceOrientations_iPad = "UIInterfaceOrientationPortrait UIInterfaceOrientationPortraitUpsideDown UIInterfaceOrientationLandscapeLeft UIInterfaceOrientationLandscapeRight";
				INFOPLIST_KEY_UISupportedInterfaceOrientations_iPhone = "UIInterfaceOrientationPortrait UIInterfaceOrientationLandscapeLeft UIInterfaceOrientationLandscapeRight";
				LD_RUNPATH_SEARCH_PATHS = (
					"$(inherited)",
					"@executable_path/Frameworks",
				);
				MARKETING_VERSION = 1.0;
				PRODUCT_BUNDLE_IDENTIFIER = com.allymationes.AgoraTask;
				PRODUCT_NAME = "$(TARGET_NAME)";
				SWIFT_EMIT_LOC_STRINGS = YES;
				SWIFT_VERSION = 5.0;
				TARGETED_DEVICE_FAMILY = "1,2";
			};
			name = Release;
		};
/* End XCBuildConfiguration section */

/* Begin XCConfigurationList section */
		7BCA64BA29DACE8A00E97AC1 /* Build configuration list for PBXProject "AgoraTask" */ = {
			isa = XCConfigurationList;
			buildConfigurations = (
				7BCA64D129DACE8B00E97AC1 /* Debug */,
				7BCA64D229DACE8B00E97AC1 /* Release */,
			);
			defaultConfigurationIsVisible = 0;
			defaultConfigurationName = Release;
		};
		7BCA64D329DACE8B00E97AC1 /* Build configuration list for PBXNativeTarget "AgoraTask" */ = {
			isa = XCConfigurationList;
			buildConfigurations = (
				7BCA64D429DACE8B00E97AC1 /* Debug */,
				7BCA64D529DACE8B00E97AC1 /* Release */,
			);
			defaultConfigurationIsVisible = 0;
			defaultConfigurationName = Release;
		};
/* End XCConfigurationList section */

/* Begin XCRemoteSwiftPackageReference section */
		7BCA64D629DACF4C00E97AC1 /* XCRemoteSwiftPackageReference "AgoraAudio_iOS" */ = {
			isa = XCRemoteSwiftPackageReference;
			repositoryURL = "https://github.com/AgoraIO/AgoraAudio_iOS.git";
			requirement = {
				branch = main;
				kind = branch;
			};
		};
/* End XCRemoteSwiftPackageReference section */

/* Begin XCSwiftPackageProductDependency section */
		7BCA64D729DACF4C00E97AC1 /* AIAEC */ = {
			isa = XCSwiftPackageProductDependency;
			package = 7BCA64D629DACF4C00E97AC1 /* XCRemoteSwiftPackageReference "AgoraAudio_iOS" */;
			productName = AIAEC;
		};
		7BCA64D929DACF4C00E97AC1 /* AINS */ = {
			isa = XCSwiftPackageProductDependency;
			package = 7BCA64D629DACF4C00E97AC1 /* XCRemoteSwiftPackageReference "AgoraAudio_iOS" */;
			productName = AINS;
		};
		7BCA64DB29DACF4C00E97AC1 /* AudioBeauty */ = {
			isa = XCSwiftPackageProductDependency;
			package = 7BCA64D629DACF4C00E97AC1 /* XCRemoteSwiftPackageReference "AgoraAudio_iOS" */;
			productName = AudioBeauty;
		};
		7BCA64DD29DACF4C00E97AC1 /* DRM */ = {
			isa = XCSwiftPackageProductDependency;
			package = 7BCA64D629DACF4C00E97AC1 /* XCRemoteSwiftPackageReference "AgoraAudio_iOS" */;
			productName = DRM;
		};
		7BCA64DF29DACF4C00E97AC1 /* RtcBasic */ = {
			isa = XCSwiftPackageProductDependency;
			package = 7BCA64D629DACF4C00E97AC1 /* XCRemoteSwiftPackageReference "AgoraAudio_iOS" */;
			productName = RtcBasic;
		};
		7BCA64E129DACF4C00E97AC1 /* SpatialAudio */ = {
			isa = XCSwiftPackageProductDependency;
			package = 7BCA64D629DACF4C00E97AC1 /* XCRemoteSwiftPackageReference "AgoraAudio_iOS" */;
			productName = SpatialAudio;
		};
/* End XCSwiftPackageProductDependency section */
	};
	rootObject = 7BCA64B729DACE8A00E97AC1 /* Project object */;
}
